[[package]]
name = "defusedxml"
version = "0.7.1"
description = "XML bomb protection for Python stdlib modules"
category = "main"
optional = false
python-versions = ">=2.7, !=3.0.*, !=3.1.*, !=3.2.*, !=3.3.*, !=3.4.*"

[[package]]
name = "libvirt-python"
version = "9.1.0"
description = "The libvirt virtualization API python binding"
category = "main"
optional = false
python-versions = "*"

[metadata]
lock-version = "1.1"
python-versions = "^3.11"
content-hash = "70c901717e9058eccd3cb96afaf55ad6f1d1a44c78122d35a0f35fc7d4e4abca"

[metadata.files]
defusedxml = [
    {file = "defusedxml-0.7.1-py2.py3-none-any.whl", hash = "sha256:a352e7e428770286cc899e2542b6cdaedb2b4953ff269a210103ec58f6198a61"},
    {file = "defusedxml-0.7.1.tar.gz", hash = "sha256:1bb3032db185915b62d7c6209c5a8792be6a32ab2fedacc84e01b52c51aa3e69"},
]
libvirt-python = [
    {file = "libvirt-python-9.1.0.tar.gz", hash = "sha256:6f98d235db975a33ff5e6fc09be566a00d22398039d411f34220384c05590ba4"},
]
